
Microsoft Visual Studio Solution File, Format Version 12.00
# Visual Studio Version 17
VisualStudioVersion = 17.14.36414.22
MinimumVisualStudioVersion = 10.0.40219.1
Project("{FAE04EC0-301F-11D3-BF4B-00C04F79EFBC}") = "hero.excercise", "hero.excercise\hero.excercise.csproj", "{213113D6-A38F-480E-9D23-B190ED60A65B}"
EndProject
Global
	GlobalSection(SolutionConfigurationPlatforms) = preSolution
		Debug|Any CPU = Debug|Any CPU
		Release|Any CPU = Release|Any CPU
	EndGlobalSection
	GlobalSection(ProjectConfigurationPlatforms) = postSolution
		{213113D6-A38F-480E-9D23-B190ED60A65B}.Debug|Any CPU.ActiveCfg = Debug|Any CPU
		{213113D6-A38F-480E-9D23-B190ED60A65B}.Debug|Any CPU.Build.0 = Debug|Any CPU
		{213113D6-A38F-480E-9D23-B190ED60A65B}.Release|Any CPU.ActiveCfg = Release|Any CPU
		{213113D6-A38F-480E-9D23-B190ED60A65B}.Release|Any CPU.Build.0 = Release|Any CPU
	EndGlobalSection
	GlobalSection(SolutionProperties) = preSolution
		HideSolutionNode = FALSE
	EndGlobalSection
	GlobalSection(ExtensibilityGlobals) = postSolution
		SolutionGuid = {882A8119-FC9B-4321-A098-09E3F1A7D9CB}
	EndGlobalSection
EndGlobal
